
Microsoft Visual Studio Solution File, Format Version 12.00
# Visual Studio Version 17
VisualStudioVersion = 17.1.32421.90
MinimumVisualStudioVersion = 10.0.40219.1
Project("{9A19103F-16F7-4668-BE54-9A1E7A4F7556}") = "MusicInfo", "MusicInfo\MusicInfo.csproj", "{1E222CEE-9568-45AB-8216-FB0B7C58ECF9}"
EndProject
Global
	GlobalSection(SolutionConfigurationPlatforms) = preSolution
		Debug|Any CPU = Debug|Any CPU
		Release|Any CPU = Release|Any CPU
	EndGlobalSection
	GlobalSection(ProjectConfigurationPlatforms) = postSolution
		{1E222CEE-9568-45AB-8216-FB0B7C58ECF9}.Debug|Any CPU.ActiveCfg = Debug|Any CPU
		{1E222CEE-9568-45AB-8216-FB0B7C58ECF9}.Debug|Any CPU.Build.0 = Debug|Any CPU
		{1E222CEE-9568-45AB-8216-FB0B7C58ECF9}.Release|Any CPU.ActiveCfg = Release|Any CPU
		{1E222CEE-9568-45AB-8216-FB0B7C58ECF9}.Release|Any CPU.Build.0 = Release|Any CPU
	EndGlobalSection
	GlobalSection(SolutionProperties) = preSolution
		HideSolutionNode = FALSE
	EndGlobalSection
	GlobalSection(ExtensibilityGlobals) = postSolution
		SolutionGuid = {F3D07CAB-C772-4FAA-9B0E-3B5E35A822DB}
	EndGlobalSection
EndGlobal
